{
  "name": "library-b",
  "version": "1.0.0",
  "lockfileVersion": 2,
  "requires": true,
  "packages": {
    "": {
      "name": "library-b",
      "version": "1.0.0",
      "license": "ISC",
      "dependencies": {
        "library-a": "file:../library-a"
      }
    },
    "../library-a": {
      "version": "1.0.0",
      "license": "ISC"
    },
    "node_modules/library-a": {
      "resolved": "../library-a",
      "link": true
    }
  },
  "dependencies": {
    "library-a": {
      "version": "file:../library-a"
    }
  }
}
